{
  "requires": true,
  "lockfileVersion": 1,
  "dependencies": {
    "@babylonjs/core": {
      "version": "5.43.1",
      "resolved": "https://registry.npmjs.org/@babylonjs/core/-/core-5.43.1.tgz",
      "integrity": "sha512-u/Uq/UqPgrIrH6Zmz96JCXPKDfN0rz/z+1GXHDOanmD4E600cneQ/IycaBjnyJM7Z863pYAZapBHaR6BpYa3LQ=="
    }
  }
}
