{
  "requires": true,
  "lockfileVersion": 1,
  "dependencies": {
    "@babylonjs/core": {
      "version": "5.44.0",
      "resolved": "https://registry.npmjs.org/@babylonjs/core/-/core-5.44.0.tgz",
      "integrity": "sha512-ph41bRLY3rBRxM3MELyuFSUY+wh9EM887pfy+e9w9JiCJQsRMU8feBngliAjuPOyz3OUNgIcqZR9EJTO4pxGNg==",
      "dev": true
    }
  }
}
